# THIS IS AN AUTOGENERATED FILE. DO NOT EDIT THIS FILE DIRECTLY.
# yarn lockfile v1


clamp@^1.0.1:
  version "1.0.1"
  resolved "https://registry.yarnpkg.com/clamp/-/clamp-1.0.1.tgz#66a0e64011816e37196828fdc8c8c147312c8634"

hoist-non-react-statics@^2.2.0, hoist-non-react-statics@^2.3.1:
  version "2.5.5"
  resolved "https://registry.yarnpkg.com/hoist-non-react-statics/-/hoist-non-react-statics-2.5.5.tgz#c5903cf409c0dfd908f388e619d86b9c1174cb47"

isarray@0.0.1:
  version "0.0.1"
  resolved "https://registry.yarnpkg.com/isarray/-/isarray-0.0.1.tgz#8a18acfca9a8f4177e09abfc6038939b05d1eedf"

"js-tokens@^3.0.0 || ^4.0.0":
  version "4.0.0"
  resolved "https://registry.yarnpkg.com/js-tokens/-/js-tokens-4.0.0.tgz#19203fb59991df98e3a287050d4647cdeaf32499"

loose-envify@^1.3.1:
  version "1.4.0"
  resolved "https://registry.yarnpkg.com/loose-envify/-/loose-envify-1.4.0.tgz#71ee51fa7be4caec1a63839f7e682d8132d30caf"
  dependencies:
    js-tokens "^3.0.0 || ^4.0.0"

object-assign@^4.1.1:
  version "4.1.1"
  resolved "https://registry.yarnpkg.com/object-assign/-/object-assign-4.1.1.tgz#2109adc7965887cfc05cbbd442cac8bfbb360863"

path-to-regexp@^1.7.0:
  version "1.7.0"
  resolved "https://registry.yarnpkg.com/path-to-regexp/-/path-to-regexp-1.7.0.tgz#59fde0f435badacba103a84e9d3bc64e96b9937d"
  dependencies:
    isarray "0.0.1"

prop-types@^15.5.10, prop-types@^15.6.0:
  version "15.6.2"
  resolved "https://registry.yarnpkg.com/prop-types/-/prop-types-15.6.2.tgz#05d5ca77b4453e985d60fc7ff8c859094a497102"
  dependencies:
    loose-envify "^1.3.1"
    object-assign "^4.1.1"

react-lifecycles-compat@^3.0.2:
  version "3.0.4"
  resolved "https://registry.yarnpkg.com/react-lifecycles-compat/-/react-lifecycles-compat-3.0.4.tgz#4f1a273afdfc8f3488a8c516bfda78f872352362"

react-native-dismiss-keyboard@1.0.0:
  version "1.0.0"
  resolved "https://registry.yarnpkg.com/react-native-dismiss-keyboard/-/react-native-dismiss-keyboard-1.0.0.tgz#32886242b3f2317e121f3aeb9b0a585e2b879b49"

react-native-drawer-layout-polyfill@^1.3.2:
  version "1.3.2"
  resolved "https://registry.yarnpkg.com/react-native-drawer-layout-polyfill/-/react-native-drawer-layout-polyfill-1.3.2.tgz#192c84d7a5a6b8a6d2be2c7daa5e4164518d0cc7"
  dependencies:
    react-native-drawer-layout "1.3.2"

react-native-drawer-layout@1.3.2:
  version "1.3.2"
  resolved "https://registry.yarnpkg.com/react-native-drawer-layout/-/react-native-drawer-layout-1.3.2.tgz#b9740d7663a1dc4f88a61b9c6d93d2d948ea426e"
  dependencies:
    react-native-dismiss-keyboard "1.0.0"

react-native-safe-area-view@0.11.0:
  version "0.11.0"
  resolved "https://registry.yarnpkg.com/react-native-safe-area-view/-/react-native-safe-area-view-0.11.0.tgz#4f3dda43c2bace37965e7c6aef5fc83d4f19d174"
  dependencies:
    hoist-non-react-statics "^2.3.1"

"react-native-tab-view@github:react-navigation/react-native-tab-view":
  version "0.0.74"
  resolved "https://codeload.github.com/react-navigation/react-native-tab-view/tar.gz/36ebd834d78b841fc19778c966465d02fd1213bb"
  dependencies:
    prop-types "^15.6.0"

react-navigation@^1.0.0-beta.27:
  version "1.6.1"
  resolved "https://registry.yarnpkg.com/react-navigation/-/react-navigation-1.6.1.tgz#f08b560637edb5517f375bbd9bae3123e3027206"
  dependencies:
    clamp "^1.0.1"
    hoist-non-react-statics "^2.2.0"
    path-to-regexp "^1.7.0"
    prop-types "^15.5.10"
    react-lifecycles-compat "^3.0.2"
    react-native-drawer-layout-polyfill "^1.3.2"
    react-native-safe-area-view "0.11.0"
    react-native-tab-view "github:react-navigation/react-native-tab-view"
